// !$*UTF8*$!
{
	archiveVersion = 1;
	classes = {
	};
	objectVersion = 50;
	objects = {

/* Begin PBXBuildFile section */
		C71FA0C225480A0300DB2261 /* extentions.swift in Sources */ = {isa = PBXBuildFile; fileRef = C71FA0C125480A0300DB2261 /* extentions.swift */; };
		C7309EBB254213E9001D6431 /* AppDelegate.swift in Sources */ = {isa = PBXBuildFile; fileRef = C7309EBA254213E9001D6431 /* AppDelegate.swift */; };
		C7309EBD254213E9001D6431 /* SceneDelegate.swift in Sources */ = {isa = PBXBuildFile; fileRef = C7309EBC254213E9001D6431 /* SceneDelegate.swift */; };
		C7309EBF254213E9001D6431 /* ConversationViewControllerViewController.swift in Sources */ = {isa = PBXBuildFile; fileRef = C7309EBE254213E9001D6431 /* ConversationViewControllerViewController.swift */; };
		C7309EC2254213E9001D6431 /* Main.storyboard in Resources */ = {isa = PBXBuildFile; fileRef = C7309EC0254213E9001D6431 /* Main.storyboard */; };
		C7309EC4254213F6001D6431 /* Assets.xcassets in Resources */ = {isa = PBXBuildFile; fileRef = C7309EC3254213F6001D6431 /* Assets.xcassets */; };
		C7309EC7254213F6001D6431 /* LaunchScreen.storyboard in Resources */ = {isa = PBXBuildFile; fileRef = C7309EC5254213F6001D6431 /* LaunchScreen.storyboard */; };
		C79FCCCE254216B3008FDDFE /* LoginViewController.swift in Sources */ = {isa = PBXBuildFile; fileRef = C79FCCCD254216B3008FDDFE /* LoginViewController.swift */; };
		C79FCCD1254216CF008FDDFE /* RegisterViewController.swift in Sources */ = {isa = PBXBuildFile; fileRef = C79FCCD0254216CF008FDDFE /* RegisterViewController.swift */; };
		C79FCCD4254216ED008FDDFE /* PhotoViewerViewController.swift in Sources */ = {isa = PBXBuildFile; fileRef = C79FCCD3254216ED008FDDFE /* PhotoViewerViewController.swift */; };
		C79FCCD7254216F8008FDDFE /* VideoPlayerViewController.swift in Sources */ = {isa = PBXBuildFile; fileRef = C79FCCD6254216F8008FDDFE /* VideoPlayerViewController.swift */; };
		C79FCCDA254217B6008FDDFE /* NewConversationViewController.swift in Sources */ = {isa = PBXBuildFile; fileRef = C79FCCD9254217B6008FDDFE /* NewConversationViewController.swift */; };
		C79FCCDD254217DB008FDDFE /* ProfileViewController.swift in Sources */ = {isa = PBXBuildFile; fileRef = C79FCCDC254217DB008FDDFE /* ProfileViewController.swift */; };
/* End PBXBuildFile section */

/* Begin PBXFileReference section */
		C71FA0C125480A0300DB2261 /* extentions.swift */ = {isa = PBXFileReference; lastKnownFileType = sourcecode.swift; path = extentions.swift; sourceTree = "<group>"; };
		C7309EB7254213E9001D6431 /* FirebaseChat.app */ = {isa = PBXFileReference; explicitFileType = wrapper.application; includeInIndex = 0; path = FirebaseChat.app; sourceTree = BUILT_PRODUCTS_DIR; };
		C7309EBA254213E9001D6431 /* AppDelegate.swift */ = {isa = PBXFileReference; lastKnownFileType = sourcecode.swift; path = AppDelegate.swift; sourceTree = "<group>"; };
		C7309EBC254213E9001D6431 /* SceneDelegate.swift */ = {isa = PBXFileReference; lastKnownFileType = sourcecode.swift; path = SceneDelegate.swift; sourceTree = "<group>"; };
		C7309EBE254213E9001D6431 /* ConversationViewControllerViewController.swift */ = {isa = PBXFileReference; lastKnownFileType = sourcecode.swift; path = ConversationViewControllerViewController.swift; sourceTree = "<group>"; };
		C7309EC1254213E9001D6431 /* Base */ = {isa = PBXFileReference; lastKnownFileType = file.storyboard; name = Base; path = Base.lproj/Main.storyboard; sourceTree = "<group>"; };
		C7309EC3254213F6001D6431 /* Assets.xcassets */ = {isa = PBXFileReference; lastKnownFileType = folder.assetcatalog; path = Assets.xcassets; sourceTree = "<group>"; };
		C7309EC6254213F6001D6431 /* Base */ = {isa = PBXFileReference; lastKnownFileType = file.storyboard; name = Base; path = Base.lproj/LaunchScreen.storyboard; sourceTree = "<group>"; };
		C7309EC8254213F6001D6431 /* Info.plist */ = {isa = PBXFileReference; lastKnownFileType = text.plist.xml; path = Info.plist; sourceTree = "<group>"; };
		C79FCCCD254216B3008FDDFE /* LoginViewController.swift */ = {isa = PBXFileReference; lastKnownFileType = sourcecode.swift; path = LoginViewController.swift; sourceTree = "<group>"; };
		C79FCCD0254216CF008FDDFE /* RegisterViewController.swift */ = {isa = PBXFileReference; lastKnownFileType = sourcecode.swift; path = RegisterViewController.swift; sourceTree = "<group>"; };
		C79FCCD3254216ED008FDDFE /* PhotoViewerViewController.swift */ = {isa = PBXFileReference; lastKnownFileType = sourcecode.swift; path = PhotoViewerViewController.swift; sourceTree = "<group>"; };
		C79FCCD6254216F8008FDDFE /* VideoPlayerViewController.swift */ = {isa = PBXFileReference; lastKnownFileType = sourcecode.swift; path = VideoPlayerViewController.swift; sourceTree = "<group>"; };
		C79FCCD9254217B6008FDDFE /* NewConversationViewController.swift */ = {isa = PBXFileReference; lastKnownFileType = sourcecode.swift; path = NewConversationViewController.swift; sourceTree = "<group>"; };
		C79FCCDC254217DB008FDDFE /* ProfileViewController.swift */ = {isa = PBXFileReference; lastKnownFileType = sourcecode.swift; path = ProfileViewController.swift; sourceTree = "<group>"; };
/* End PBXFileReference section */

/* Begin PBXFrameworksBuildPhase section */
		C7309EB4254213E9001D6431 /* Frameworks */ = {
			isa = PBXFrameworksBuildPhase;
			buildActionMask = 2147483647;
			files = (
			);
			runOnlyForDeploymentPostprocessing = 0;
		};
/* End PBXFrameworksBuildPhase section */

/* Begin PBXGroup section */
		C71FA0522542363900DB2261 /* Login */ = {
			isa = PBXGroup;
			children = (
				C79FCCCD254216B3008FDDFE /* LoginViewController.swift */,
				C79FCCD0254216CF008FDDFE /* RegisterViewController.swift */,
			);
			path = Login;
			sourceTree = "<group>";
		};
		C7309EAE254213E9001D6431 = {
			isa = PBXGroup;
			children = (
				C7309EB9254213E9001D6431 /* FirebaseChat */,
				C7309EB8254213E9001D6431 /* Products */,
			);
			sourceTree = "<group>";
		};
		C7309EB8254213E9001D6431 /* Products */ = {
			isa = PBXGroup;
			children = (
				C7309EB7254213E9001D6431 /* FirebaseChat.app */,
			);
			name = Products;
			sourceTree = "<group>";
		};
		C7309EB9254213E9001D6431 /* FirebaseChat */ = {
			isa = PBXGroup;
			children = (
				C79FCCCA25421573008FDDFE /* Resources */,
				C79FCCC925421564008FDDFE /* ViewModels */,
				C79FCCC82542155E008FDDFE /* Models */,
				C79FCCC725421558008FDDFE /* Views */,
				C79FCCC625421530008FDDFE /* Controllers */,
				C7309EC8254213F6001D6431 /* Info.plist */,
			);
			path = FirebaseChat;
			sourceTree = "<group>";
		};
		C79FCCC625421530008FDDFE /* Controllers */ = {
			isa = PBXGroup;
			children = (
				C7309EBE254213E9001D6431 /* ConversationViewControllerViewController.swift */,
				C71FA0522542363900DB2261 /* Login */,
				C79FCCD3254216ED008FDDFE /* PhotoViewerViewController.swift */,
				C79FCCD6254216F8008FDDFE /* VideoPlayerViewController.swift */,
				C79FCCD9254217B6008FDDFE /* NewConversationViewController.swift */,
				C79FCCDC254217DB008FDDFE /* ProfileViewController.swift */,
			);
			path = Controllers;
			sourceTree = "<group>";
		};
		C79FCCC725421558008FDDFE /* Views */ = {
			isa = PBXGroup;
			children = (
				C7309EC0254213E9001D6431 /* Main.storyboard */,
				C7309EC3254213F6001D6431 /* Assets.xcassets */,
				C7309EC5254213F6001D6431 /* LaunchScreen.storyboard */,
			);
			path = Views;
			sourceTree = "<group>";
		};
		C79FCCC82542155E008FDDFE /* Models */ = {
			isa = PBXGroup;
			children = (
			);
			path = Models;
			sourceTree = "<group>";
		};
		C79FCCC925421564008FDDFE /* ViewModels */ = {
			isa = PBXGroup;
			children = (
			);
			path = ViewModels;
			sourceTree = "<group>";
		};
		C79FCCCA25421573008FDDFE /* Resources */ = {
			isa = PBXGroup;
			children = (
				C7309EBA254213E9001D6431 /* AppDelegate.swift */,
				C7309EBC254213E9001D6431 /* SceneDelegate.swift */,
				C71FA0C125480A0300DB2261 /* extentions.swift */,
			);
			path = Resources;
			sourceTree = "<group>";
		};
/* End PBXGroup section */

/* Begin PBXNativeTarget section */
		C7309EB6254213E9001D6431 /* FirebaseChat */ = {
			isa = PBXNativeTarget;
			buildConfigurationList = C7309ECB254213F6001D6431 /* Build configuration list for PBXNativeTarget "FirebaseChat" */;
			buildPhases = (
				C7309EB3254213E9001D6431 /* Sources */,
				C7309EB4254213E9001D6431 /* Frameworks */,
				C7309EB5254213E9001D6431 /* Resources */,
			);
			buildRules = (
			);
			dependencies = (
			);
			name = FirebaseChat;
			productName = FirebaseChat;
			productReference = C7309EB7254213E9001D6431 /* FirebaseChat.app */;
			productType = "com.apple.product-type.application";
		};
/* End PBXNativeTarget section */

/* Begin PBXProject section */
		C7309EAF254213E9001D6431 /* Project object */ = {
			isa = PBXProject;
			attributes = {
				LastSwiftUpdateCheck = 1200;
				LastUpgradeCheck = 1200;
				TargetAttributes = {
					C7309EB6254213E9001D6431 = {
						CreatedOnToolsVersion = 12.0.1;
					};
				};
			};
			buildConfigurationList = C7309EB2254213E9001D6431 /* Build configuration list for PBXProject "FirebaseChat" */;
			compatibilityVersion = "Xcode 9.3";
			developmentRegion = en;
			hasScannedForEncodings = 0;
			knownRegions = (
				en,
				Base,
			);
			mainGroup = C7309EAE254213E9001D6431;
			productRefGroup = C7309EB8254213E9001D6431 /* Products */;
			projectDirPath = "";
			projectRoot = "";
			targets = (
				C7309EB6254213E9001D6431 /* FirebaseChat */,
			);
		};
/* End PBXProject section */

/* Begin PBXResourcesBuildPhase section */
		C7309EB5254213E9001D6431 /* Resources */ = {
			isa = PBXResourcesBuildPhase;
			buildActionMask = 2147483647;
			files = (
				C7309EC7254213F6001D6431 /* LaunchScreen.storyboard in Resources */,
				C7309EC4254213F6001D6431 /* Assets.xcassets in Resources */,
				C7309EC2254213E9001D6431 /* Main.storyboard in Resources */,
			);
			runOnlyForDeploymentPostprocessing = 0;
		};
/* End PBXResourcesBuildPhase section */

/* Begin PBXSourcesBuildPhase section */
		C7309EB3254213E9001D6431 /* Sources */ = {
			isa = PBXSourcesBuildPhase;
			buildActionMask = 2147483647;
			files = (
				C79FCCCE254216B3008FDDFE /* LoginViewController.swift in Sources */,
				C79FCCD1254216CF008FDDFE /* RegisterViewController.swift in Sources */,
				C71FA0C225480A0300DB2261 /* extentions.swift in Sources */,
				C79FCCDA254217B6008FDDFE /* NewConversationViewController.swift in Sources */,
				C7309EBF254213E9001D6431 /* ConversationViewControllerViewController.swift in Sources */,
				C79FCCD7254216F8008FDDFE /* VideoPlayerViewController.swift in Sources */,
				C7309EBB254213E9001D6431 /* AppDelegate.swift in Sources */,
				C79FCCDD254217DB008FDDFE /* ProfileViewController.swift in Sources */,
				C7309EBD254213E9001D6431 /* SceneDelegate.swift in Sources */,
				C79FCCD4254216ED008FDDFE /* PhotoViewerViewController.swift in Sources */,
			);
			runOnlyForDeploymentPostprocessing = 0;
		};
/* End PBXSourcesBuildPhase section */

/* Begin PBXVariantGroup section */
		C7309EC0254213E9001D6431 /* Main.storyboard */ = {
			isa = PBXVariantGroup;
			children = (
				C7309EC1254213E9001D6431 /* Base */,
			);
			name = Main.storyboard;
			sourceTree = "<group>";
		};
		C7309EC5254213F6001D6431 /* LaunchScreen.storyboard */ = {
			isa = PBXVariantGroup;
			children = (
				C7309EC6254213F6001D6431 /* Base */,
			);
			name = LaunchScreen.storyboard;
			sourceTree = "<group>";
		};
/* End PBXVariantGroup section */

/* Begin XCBuildConfiguration section */
		C7309EC9254213F6001D6431 /* Debug */ = {
			isa = XCBuildConfiguration;
			buildSettings = {
				ALWAYS_SEARCH_USER_PATHS = NO;
				CLANG_ANALYZER_NONNULL = YES;
				CLANG_ANALYZER_NUMBER_OBJECT_CONVERSION = YES_AGGRESSIVE;
				CLANG_CXX_LANGUAGE_STANDARD = "gnu++14";
				CLANG_CXX_LIBRARY = "libc++";
				CLANG_ENABLE_MODULES = YES;
				CLANG_ENABLE_OBJC_ARC = YES;
				CLANG_ENABLE_OBJC_WEAK = YES;
				CLANG_WARN_BLOCK_CAPTURE_AUTORELEASING = YES;
				CLANG_WARN_BOOL_CONVERSION = YES;
				CLANG_WARN_COMMA = YES;
				CLANG_WARN_CONSTANT_CONVERSION = YES;
				CLANG_WARN_DEPRECATED_OBJC_IMPLEMENTATIONS = YES;
				CLANG_WARN_DIRECT_OBJC_ISA_USAGE = YES_ERROR;
				CLANG_WARN_DOCUMENTATION_COMMENTS = YES;
				CLANG_WARN_EMPTY_BODY = YES;
				CLANG_WARN_ENUM_CONVERSION = YES;
				CLANG_WARN_INFINITE_RECURSION = YES;
				CLANG_WARN_INT_CONVERSION = YES;
				CLANG_WARN_NON_LITERAL_NULL_CONVERSION = YES;
				CLANG_WARN_OBJC_IMPLICIT_RETAIN_SELF = YES;
				CLANG_WARN_OBJC_LITERAL_CONVERSION = YES;
				CLANG_WARN_OBJC_ROOT_CLASS = YES_ERROR;
				CLANG_WARN_QUOTED_INCLUDE_IN_FRAMEWORK_HEADER = YES;
				CLANG_WARN_RANGE_LOOP_ANALYSIS = YES;
				CLANG_WARN_STRICT_PROTOTYPES = YES;
				CLANG_WARN_SUSPICIOUS_MOVE = YES;
				CLANG_WARN_UNGUARDED_AVAILABILITY = YES_AGGRESSIVE;
				CLANG_WARN_UNREACHABLE_CODE = YES;
				CLANG_WARN__DUPLICATE_METHOD_MATCH = YES;
				COPY_PHASE_STRIP = NO;
				DEBUG_INFORMATION_FORMAT = dwarf;
				ENABLE_STRICT_OBJC_MSGSEND = YES;
				ENABLE_TESTABILITY = YES;
				GCC_C_LANGUAGE_STANDARD = gnu11;
				GCC_DYNAMIC_NO_PIC = NO;
				GCC_NO_COMMON_BLOCKS = YES;
				GCC_OPTIMIZATION_LEVEL = 0;
				GCC_PREPROCESSOR_DEFINITIONS = (
					"DEBUG=1",
					"$(inherited)",
				);
				GCC_WARN_64_TO_32_BIT_CONVERSION = YES;
				GCC_WARN_ABOUT_RETURN_TYPE = YES_ERROR;
				GCC_WARN_UNDECLARED_SELECTOR = YES;
				GCC_WARN_UNINITIALIZED_AUTOS = YES_AGGRESSIVE;
				GCC_WARN_UNUSED_FUNCTION = YES;
				GCC_WARN_UNUSED_VARIABLE = YES;
				IPHONEOS_DEPLOYMENT_TARGET = 14.0;
				MTL_ENABLE_DEBUG_INFO = INCLUDE_SOURCE;
				MTL_FAST_MATH = YES;
				ONLY_ACTIVE_ARCH = YES;
				SDKROOT = iphoneos;
				SWIFT_ACTIVE_COMPILATION_CONDITIONS = DEBUG;
				SWIFT_OPTIMIZATION_LEVEL = "-Onone";
			};
			name = Debug;
		};
		C7309ECA254213F6001D6431 /* Release */ = {
			isa = XCBuildConfiguration;
			buildSettings = {
				ALWAYS_SEARCH_USER_PATHS = NO;
				CLANG_ANALYZER_NONNULL = YES;
				CLANG_ANALYZER_NUMBER_OBJECT_CONVERSION = YES_AGGRESSIVE;
				CLANG_CXX_LANGUAGE_STANDARD = "gnu++14";
				CLANG_CXX_LIBRARY = "libc++";
				CLANG_ENABLE_MODULES = YES;
				CLANG_ENABLE_OBJC_ARC = YES;
				CLANG_ENABLE_OBJC_WEAK = YES;
				CLANG_WARN_BLOCK_CAPTURE_AUTORELEASING = YES;
				CLANG_WARN_BOOL_CONVERSION = YES;
				CLANG_WARN_COMMA = YES;
				CLANG_WARN_CONSTANT_CONVERSION = YES;
				CLANG_WARN_DEPRECATED_OBJC_IMPLEMENTATIONS = YES;
				CLANG_WARN_DIRECT_OBJC_ISA_USAGE = YES_ERROR;
				CLANG_WARN_DOCUMENTATION_COMMENTS = YES;
				CLANG_WARN_EMPTY_BODY = YES;
				CLANG_WARN_ENUM_CONVERSION = YES;
				CLANG_WARN_INFINITE_RECURSION = YES;
				CLANG_WARN_INT_CONVERSION = YES;
				CLANG_WARN_NON_LITERAL_NULL_CONVERSION = YES;
				CLANG_WARN_OBJC_IMPLICIT_RETAIN_SELF = YES;
				CLANG_WARN_OBJC_LITERAL_CONVERSION = YES;
				CLANG_WARN_OBJC_ROOT_CLASS = YES_ERROR;
				CLANG_WARN_QUOTED_INCLUDE_IN_FRAMEWORK_HEADER = YES;
				CLANG_WARN_RANGE_LOOP_ANALYSIS = YES;
				CLANG_WARN_STRICT_PROTOTYPES = YES;
				CLANG_WARN_SUSPICIOUS_MOVE = YES;
				CLANG_WARN_UNGUARDED_AVAILABILITY = YES_AGGRESSIVE;
				CLANG_WARN_UNREACHABLE_CODE = YES;
				CLANG_WARN__DUPLICATE_METHOD_MATCH = YES;
				COPY_PHASE_STRIP = NO;
				DEBUG_INFORMATION_FORMAT = "dwarf-with-dsym";
				ENABLE_NS_ASSERTIONS = NO;
				ENABLE_STRICT_OBJC_MSGSEND = YES;
				GCC_C_LANGUAGE_STANDARD = gnu11;
				GCC_NO_COMMON_BLOCKS = YES;
				GCC_WARN_64_TO_32_BIT_CONVERSION = YES;
				GCC_WARN_ABOUT_RETURN_TYPE = YES_ERROR;
				GCC_WARN_UNDECLARED_SELECTOR = YES;
				GCC_WARN_UNINITIALIZED_AUTOS = YES_AGGRESSIVE;
				GCC_WARN_UNUSED_FUNCTION = YES;
				GCC_WARN_UNUSED_VARIABLE = YES;
				IPHONEOS_DEPLOYMENT_TARGET = 14.0;
				MTL_ENABLE_DEBUG_INFO = NO;
				MTL_FAST_MATH = YES;
				SDKROOT = iphoneos;
				SWIFT_COMPILATION_MODE = wholemodule;
				SWIFT_OPTIMIZATION_LEVEL = "-O";
				VALIDATE_PRODUCT = YES;
			};
			name = Release;
		};
		C7309ECC254213F6001D6431 /* Debug */ = {
			isa = XCBuildConfiguration;
			buildSettings = {
				ASSETCATALOG_COMPILER_APPICON_NAME = AppIcon;
				ASSETCATALOG_COMPILER_GLOBAL_ACCENT_COLOR_NAME = AccentColor;
				CODE_SIGN_STYLE = Automatic;
				DEVELOPMENT_TEAM = 855KLZCK42;
				INFOPLIST_FILE = FirebaseChat/Info.plist;
				LD_RUNPATH_SEARCH_PATHS = (
					"$(inherited)",
					"@executable_path/Frameworks",
				);
				PRODUCT_BUNDLE_IDENTIFIER = com.myname.FirebaseChat;
				PRODUCT_NAME = "$(TARGET_NAME)";
				SWIFT_VERSION = 5.0;
				TARGETED_DEVICE_FAMILY = "1,2";
			};
			name = Debug;
		};
		C7309ECD254213F6001D6431 /* Release */ = {
			isa = XCBuildConfiguration;
			buildSettings = {
				ASSETCATALOG_COMPILER_APPICON_NAME = AppIcon;
				ASSETCATALOG_COMPILER_GLOBAL_ACCENT_COLOR_NAME = AccentColor;
				CODE_SIGN_STYLE = Automatic;
				DEVELOPMENT_TEAM = 855KLZCK42;
				INFOPLIST_FILE = FirebaseChat/Info.plist;
				LD_RUNPATH_SEARCH_PATHS = (
					"$(inherited)",
					"@executable_path/Frameworks",
				);
				PRODUCT_BUNDLE_IDENTIFIER = com.myname.FirebaseChat;
				PRODUCT_NAME = "$(TARGET_NAME)";
				SWIFT_VERSION = 5.0;
				TARGETED_DEVICE_FAMILY = "1,2";
			};
			name = Release;
		};
/* End XCBuildConfiguration section */

/* Begin XCConfigurationList section */
		C7309EB2254213E9001D6431 /* Build configuration list for PBXProject "FirebaseChat" */ = {
			isa = XCConfigurationList;
			buildConfigurations = (
				C7309EC9254213F6001D6431 /* Debug */,
				C7309ECA254213F6001D6431 /* Release */,
			);
			defaultConfigurationIsVisible = 0;
			defaultConfigurationName = Release;
		};
		C7309ECB254213F6001D6431 /* Build configuration list for PBXNativeTarget "FirebaseChat" */ = {
			isa = XCConfigurationList;
			buildConfigurations = (
				C7309ECC254213F6001D6431 /* Debug */,
				C7309ECD254213F6001D6431 /* Release */,
			);
			defaultConfigurationIsVisible = 0;
			defaultConfigurationName = Release;
		};
/* End XCConfigurationList section */
	};
	rootObject = C7309EAF254213E9001D6431 /* Project object */;
}
